
Microsoft Visual Studio Solution File, Format Version 12.00
# Visual Studio Version 17
VisualStudioVersion = 17.0.31903.59
MinimumVisualStudioVersion = 10.0.40219.1
Project("{2150E333-8FDC-42A3-9474-1A3956D46DE8}") = "src", "src", "{827E0CD3-B72D-47B6-A68D-7590B98EB39B}"
EndProject
Project("{FAE04EC0-301F-11D3-BF4B-00C04F79EFBC}") = "Permoda.Pay.Domain", "src\Permoda.Pay.Domain\Permoda.Pay.Domain.csproj", "{D8222F92-9588-4EAD-9E0C-CC6187C4CE3C}"
EndProject
Project("{FAE04EC0-301F-11D3-BF4B-00C04F79EFBC}") = "Permoda.Pay.Application", "src\Permoda.Pay.Application\Permoda.Pay.Application.csproj", "{96668D57-CB38-4EAD-89C7-55858EA808E7}"
EndProject
Project("{FAE04EC0-301F-11D3-BF4B-00C04F79EFBC}") = "Permoda.Pay.Infrastructure", "src\Permoda.Pay.Infrastructure\Permoda.Pay.Infrastructure.csproj", "{046EFB5D-C8D3-492D-95EE-45D7C88063DD}"
EndProject
Project("{FAE04EC0-301F-11D3-BF4B-00C04F79EFBC}") = "Permoda.Pay.Maui", "src\Permoda.Pay.Maui\Permoda.Pay.Maui.csproj", "{96EB7928-1ED5-47C4-8786-560771F745F7}"
EndProject
Project("{2150E333-8FDC-42A3-9474-1A3956D46DE8}") = "tests", "tests", "{0AB3BF05-4346-4AA6-1389-037BE0695223}"
EndProject
Project("{FAE04EC0-301F-11D3-BF4B-00C04F79EFBC}") = "Permoda.Pay.Domain.Tests", "tests\Permoda.Pay.Domain.Tests\Permoda.Pay.Domain.Tests.csproj", "{5E2AEDF3-DC1E-4425-A0BA-28AA8397EDC0}"
EndProject
Project("{FAE04EC0-301F-11D3-BF4B-00C04F79EFBC}") = "Permoda.Pay.Application.Tests", "tests\Permoda.Pay.Application.Tests\Permoda.Pay.Application.Tests.csproj", "{52FA7936-E3A7-4D53-AF9F-CFB9A0CD82F6}"
EndProject
Project("{FAE04EC0-301F-11D3-BF4B-00C04F79EFBC}") = "Permoda.Pay.Infrastructure.Tests", "tests\Permoda.Pay.Infrastructure.Tests\Permoda.Pay.Infrastructure.Tests.csproj", "{FA341A2E-0D2A-4543-B1F4-7F7D12B8A386}"
EndProject
Project("{FAE04EC0-301F-11D3-BF4B-00C04F79EFBC}") = "Permoda.Pay.Architecture.Tests", "tests\Permoda.Pay.Architecture.Tests\Permoda.Pay.Architecture.Tests.csproj", "{E084AD12-6ED6-44F0-8104-248C3DC8BC8D}"
EndProject
Project("{FAE04EC0-301F-11D3-BF4B-00C04F79EFBC}") = "Permoda.Pay.Maui.Tests", "tests\Permoda.Pay.Maui.Tests\Permoda.Pay.Maui.Tests.csproj", "{3FCA7EF8-821B-4BFD-86AE-E305AE6B1E95}"
EndProject
Project("{FAE04EC0-301F-11D3-BF4B-00C04F79EFBC}") = "Permoda.Pay.Maui.HiPos", "src\Permoda.Pay.Maui.HiPos\Permoda.Pay.Maui.HiPos.csproj", "{466B3CE4-7723-4062-B678-0CABB20824BF}"
EndProject
Global
	GlobalSection(SolutionConfigurationPlatforms) = preSolution
		Debug|Any CPU = Debug|Any CPU
		Debug|x64 = Debug|x64
		Debug|x86 = Debug|x86
		Release|Any CPU = Release|Any CPU
		Release|x64 = Release|x64
		Release|x86 = Release|x86
		UAT|Any CPU = UAT|Any CPU
		UAT|x64 = UAT|x64
		UAT|x86 = UAT|x86
	EndGlobalSection
	GlobalSection(ProjectConfigurationPlatforms) = postSolution
		{D8222F92-9588-4EAD-9E0C-CC6187C4CE3C}.Debug|Any CPU.ActiveCfg = Debug|Any CPU
		{D8222F92-9588-4EAD-9E0C-CC6187C4CE3C}.Debug|Any CPU.Build.0 = Debug|Any CPU
		{D8222F92-9588-4EAD-9E0C-CC6187C4CE3C}.Debug|x64.ActiveCfg = Debug|Any CPU
		{D8222F92-9588-4EAD-9E0C-CC6187C4CE3C}.Debug|x64.Build.0 = Debug|Any CPU
		{D8222F92-9588-4EAD-9E0C-CC6187C4CE3C}.Debug|x86.ActiveCfg = Debug|Any CPU
		{D8222F92-9588-4EAD-9E0C-CC6187C4CE3C}.Debug|x86.Build.0 = Debug|Any CPU
		{D8222F92-9588-4EAD-9E0C-CC6187C4CE3C}.Release|Any CPU.ActiveCfg = Release|Any CPU
		{D8222F92-9588-4EAD-9E0C-CC6187C4CE3C}.Release|Any CPU.Build.0 = Release|Any CPU
		{D8222F92-9588-4EAD-9E0C-CC6187C4CE3C}.Release|x64.ActiveCfg = Release|Any CPU
		{D8222F92-9588-4EAD-9E0C-CC6187C4CE3C}.Release|x64.Build.0 = Release|Any CPU
		{D8222F92-9588-4EAD-9E0C-CC6187C4CE3C}.Release|x86.ActiveCfg = Release|Any CPU
		{D8222F92-9588-4EAD-9E0C-CC6187C4CE3C}.Release|x86.Build.0 = Release|Any CPU
		{D8222F92-9588-4EAD-9E0C-CC6187C4CE3C}.UAT|Any CPU.ActiveCfg = Release|Any CPU
		{D8222F92-9588-4EAD-9E0C-CC6187C4CE3C}.UAT|Any CPU.Build.0 = Release|Any CPU
		{96668D57-CB38-4EAD-89C7-55858EA808E7}.Debug|Any CPU.ActiveCfg = Debug|Any CPU
		{96668D57-CB38-4EAD-89C7-55858EA808E7}.Debug|Any CPU.Build.0 = Debug|Any CPU
		{96668D57-CB38-4EAD-89C7-55858EA808E7}.Debug|x64.ActiveCfg = Debug|Any CPU
		{96668D57-CB38-4EAD-89C7-55858EA808E7}.Debug|x64.Build.0 = Debug|Any CPU
		{96668D57-CB38-4EAD-89C7-55858EA808E7}.Debug|x86.ActiveCfg = Debug|Any CPU
		{96668D57-CB38-4EAD-89C7-55858EA808E7}.Debug|x86.Build.0 = Debug|Any CPU
		{96668D57-CB38-4EAD-89C7-55858EA808E7}.Release|Any CPU.ActiveCfg = Release|Any CPU
		{96668D57-CB38-4EAD-89C7-55858EA808E7}.Release|Any CPU.Build.0 = Release|Any CPU
		{96668D57-CB38-4EAD-89C7-55858EA808E7}.Release|x64.ActiveCfg = Release|Any CPU
		{96668D57-CB38-4EAD-89C7-55858EA808E7}.Release|x64.Build.0 = Release|Any CPU
		{96668D57-CB38-4EAD-89C7-55858EA808E7}.Release|x86.ActiveCfg = Release|Any CPU
		{96668D57-CB38-4EAD-89C7-55858EA808E7}.Release|x86.Build.0 = Release|Any CPU
		{96668D57-CB38-4EAD-89C7-55858EA808E7}.UAT|Any CPU.ActiveCfg = Release|Any CPU
		{96668D57-CB38-4EAD-89C7-55858EA808E7}.UAT|Any CPU.Build.0 = Release|Any CPU
		{046EFB5D-C8D3-492D-95EE-45D7C88063DD}.Debug|Any CPU.ActiveCfg = Debug|Any CPU
		{046EFB5D-C8D3-492D-95EE-45D7C88063DD}.Debug|Any CPU.Build.0 = Debug|Any CPU
		{046EFB5D-C8D3-492D-95EE-45D7C88063DD}.Debug|x64.ActiveCfg = Debug|Any CPU
		{046EFB5D-C8D3-492D-95EE-45D7C88063DD}.Debug|x64.Build.0 = Debug|Any CPU
		{046EFB5D-C8D3-492D-95EE-45D7C88063DD}.Debug|x86.ActiveCfg = Debug|Any CPU
		{046EFB5D-C8D3-492D-95EE-45D7C88063DD}.Debug|x86.Build.0 = Debug|Any CPU
		{046EFB5D-C8D3-492D-95EE-45D7C88063DD}.Release|Any CPU.ActiveCfg = Release|Any CPU
		{046EFB5D-C8D3-492D-95EE-45D7C88063DD}.Release|Any CPU.Build.0 = Release|Any CPU
		{046EFB5D-C8D3-492D-95EE-45D7C88063DD}.Release|x64.ActiveCfg = Release|Any CPU
		{046EFB5D-C8D3-492D-95EE-45D7C88063DD}.Release|x64.Build.0 = Release|Any CPU
		{046EFB5D-C8D3-492D-95EE-45D7C88063DD}.Release|x86.ActiveCfg = Release|Any CPU
		{046EFB5D-C8D3-492D-95EE-45D7C88063DD}.Release|x86.Build.0 = Release|Any CPU
		{046EFB5D-C8D3-492D-95EE-45D7C88063DD}.UAT|Any CPU.ActiveCfg = Release|Any CPU
		{046EFB5D-C8D3-492D-95EE-45D7C88063DD}.UAT|Any CPU.Build.0 = Release|Any CPU
		{96EB7928-1ED5-47C4-8786-560771F745F7}.Debug|Any CPU.ActiveCfg = Debug|Any CPU
		{96EB7928-1ED5-47C4-8786-560771F745F7}.Debug|Any CPU.Build.0 = Debug|Any CPU
		{96EB7928-1ED5-47C4-8786-560771F745F7}.Debug|x64.ActiveCfg = Debug|Any CPU
		{96EB7928-1ED5-47C4-8786-560771F745F7}.Debug|x64.Build.0 = Debug|Any CPU
		{96EB7928-1ED5-47C4-8786-560771F745F7}.Debug|x86.ActiveCfg = Debug|Any CPU
		{96EB7928-1ED5-47C4-8786-560771F745F7}.Debug|x86.Build.0 = Debug|Any CPU
		{96EB7928-1ED5-47C4-8786-560771F745F7}.Release|Any CPU.ActiveCfg = Release|Any CPU
		{96EB7928-1ED5-47C4-8786-560771F745F7}.Release|Any CPU.Build.0 = Release|Any CPU
		{96EB7928-1ED5-47C4-8786-560771F745F7}.Release|x64.ActiveCfg = Release|Any CPU
		{96EB7928-1ED5-47C4-8786-560771F745F7}.Release|x64.Build.0 = Release|Any CPU
		{96EB7928-1ED5-47C4-8786-560771F745F7}.Release|x86.ActiveCfg = Release|Any CPU
		{96EB7928-1ED5-47C4-8786-560771F745F7}.Release|x86.Build.0 = Release|Any CPU
		{96EB7928-1ED5-47C4-8786-560771F745F7}.UAT|Any CPU.ActiveCfg = UAT|Any CPU
		{96EB7928-1ED5-47C4-8786-560771F745F7}.UAT|Any CPU.Build.0 = UAT|Any CPU
		{5E2AEDF3-DC1E-4425-A0BA-28AA8397EDC0}.Debug|Any CPU.ActiveCfg = Debug|Any CPU
		{5E2AEDF3-DC1E-4425-A0BA-28AA8397EDC0}.Debug|Any CPU.Build.0 = Debug|Any CPU
		{5E2AEDF3-DC1E-4425-A0BA-28AA8397EDC0}.Debug|x64.ActiveCfg = Debug|Any CPU
		{5E2AEDF3-DC1E-4425-A0BA-28AA8397EDC0}.Debug|x64.Build.0 = Debug|Any CPU
		{5E2AEDF3-DC1E-4425-A0BA-28AA8397EDC0}.Debug|x86.ActiveCfg = Debug|Any CPU
		{5E2AEDF3-DC1E-4425-A0BA-28AA8397EDC0}.Debug|x86.Build.0 = Debug|Any CPU
		{5E2AEDF3-DC1E-4425-A0BA-28AA8397EDC0}.Release|Any CPU.ActiveCfg = Release|Any CPU
		{5E2AEDF3-DC1E-4425-A0BA-28AA8397EDC0}.Release|Any CPU.Build.0 = Release|Any CPU
		{5E2AEDF3-DC1E-4425-A0BA-28AA8397EDC0}.Release|x64.ActiveCfg = Release|Any CPU
		{5E2AEDF3-DC1E-4425-A0BA-28AA8397EDC0}.Release|x64.Build.0 = Release|Any CPU
		{5E2AEDF3-DC1E-4425-A0BA-28AA8397EDC0}.Release|x86.ActiveCfg = Release|Any CPU
		{5E2AEDF3-DC1E-4425-A0BA-28AA8397EDC0}.Release|x86.Build.0 = Release|Any CPU
		{5E2AEDF3-DC1E-4425-A0BA-28AA8397EDC0}.UAT|Any CPU.ActiveCfg = Release|Any CPU
		{5E2AEDF3-DC1E-4425-A0BA-28AA8397EDC0}.UAT|Any CPU.Build.0 = Release|Any CPU
		{52FA7936-E3A7-4D53-AF9F-CFB9A0CD82F6}.Debug|Any CPU.ActiveCfg = Debug|Any CPU
		{52FA7936-E3A7-4D53-AF9F-CFB9A0CD82F6}.Debug|Any CPU.Build.0 = Debug|Any CPU
		{52FA7936-E3A7-4D53-AF9F-CFB9A0CD82F6}.Debug|x64.ActiveCfg = Debug|Any CPU
		{52FA7936-E3A7-4D53-AF9F-CFB9A0CD82F6}.Debug|x64.Build.0 = Debug|Any CPU
		{52FA7936-E3A7-4D53-AF9F-CFB9A0CD82F6}.Debug|x86.ActiveCfg = Debug|Any CPU
		{52FA7936-E3A7-4D53-AF9F-CFB9A0CD82F6}.Debug|x86.Build.0 = Debug|Any CPU
		{52FA7936-E3A7-4D53-AF9F-CFB9A0CD82F6}.Release|Any CPU.ActiveCfg = Release|Any CPU
		{52FA7936-E3A7-4D53-AF9F-CFB9A0CD82F6}.Release|Any CPU.Build.0 = Release|Any CPU
		{52FA7936-E3A7-4D53-AF9F-CFB9A0CD82F6}.Release|x64.ActiveCfg = Release|Any CPU
		{52FA7936-E3A7-4D53-AF9F-CFB9A0CD82F6}.Release|x64.Build.0 = Release|Any CPU
		{52FA7936-E3A7-4D53-AF9F-CFB9A0CD82F6}.Release|x86.ActiveCfg = Release|Any CPU
		{52FA7936-E3A7-4D53-AF9F-CFB9A0CD82F6}.Release|x86.Build.0 = Release|Any CPU
		{52FA7936-E3A7-4D53-AF9F-CFB9A0CD82F6}.UAT|Any CPU.ActiveCfg = Release|Any CPU
		{52FA7936-E3A7-4D53-AF9F-CFB9A0CD82F6}.UAT|Any CPU.Build.0 = Release|Any CPU
		{FA341A2E-0D2A-4543-B1F4-7F7D12B8A386}.Debug|Any CPU.ActiveCfg = Debug|Any CPU
		{FA341A2E-0D2A-4543-B1F4-7F7D12B8A386}.Debug|Any CPU.Build.0 = Debug|Any CPU
		{FA341A2E-0D2A-4543-B1F4-7F7D12B8A386}.Debug|x64.ActiveCfg = Debug|Any CPU
		{FA341A2E-0D2A-4543-B1F4-7F7D12B8A386}.Debug|x64.Build.0 = Debug|Any CPU
		{FA341A2E-0D2A-4543-B1F4-7F7D12B8A386}.Debug|x86.ActiveCfg = Debug|Any CPU
		{FA341A2E-0D2A-4543-B1F4-7F7D12B8A386}.Debug|x86.Build.0 = Debug|Any CPU
		{FA341A2E-0D2A-4543-B1F4-7F7D12B8A386}.Release|Any CPU.ActiveCfg = Release|Any CPU
		{FA341A2E-0D2A-4543-B1F4-7F7D12B8A386}.Release|Any CPU.Build.0 = Release|Any CPU
		{FA341A2E-0D2A-4543-B1F4-7F7D12B8A386}.Release|x64.ActiveCfg = Release|Any CPU
		{FA341A2E-0D2A-4543-B1F4-7F7D12B8A386}.Release|x64.Build.0 = Release|Any CPU
		{FA341A2E-0D2A-4543-B1F4-7F7D12B8A386}.Release|x86.ActiveCfg = Release|Any CPU
		{FA341A2E-0D2A-4543-B1F4-7F7D12B8A386}.Release|x86.Build.0 = Release|Any CPU
		{FA341A2E-0D2A-4543-B1F4-7F7D12B8A386}.UAT|Any CPU.ActiveCfg = Release|Any CPU
		{FA341A2E-0D2A-4543-B1F4-7F7D12B8A386}.UAT|Any CPU.Build.0 = Release|Any CPU
		{E084AD12-6ED6-44F0-8104-248C3DC8BC8D}.Debug|Any CPU.ActiveCfg = Debug|Any CPU
		{E084AD12-6ED6-44F0-8104-248C3DC8BC8D}.Debug|Any CPU.Build.0 = Debug|Any CPU
		{E084AD12-6ED6-44F0-8104-248C3DC8BC8D}.Debug|x64.ActiveCfg = Debug|Any CPU
		{E084AD12-6ED6-44F0-8104-248C3DC8BC8D}.Debug|x64.Build.0 = Debug|Any CPU
		{E084AD12-6ED6-44F0-8104-248C3DC8BC8D}.Debug|x86.ActiveCfg = Debug|Any CPU
		{E084AD12-6ED6-44F0-8104-248C3DC8BC8D}.Debug|x86.Build.0 = Debug|Any CPU
		{E084AD12-6ED6-44F0-8104-248C3DC8BC8D}.Release|Any CPU.ActiveCfg = Release|Any CPU
		{E084AD12-6ED6-44F0-8104-248C3DC8BC8D}.Release|Any CPU.Build.0 = Release|Any CPU
		{E084AD12-6ED6-44F0-8104-248C3DC8BC8D}.Release|x64.ActiveCfg = Release|Any CPU
		{E084AD12-6ED6-44F0-8104-248C3DC8BC8D}.Release|x64.Build.0 = Release|Any CPU
		{E084AD12-6ED6-44F0-8104-248C3DC8BC8D}.Release|x86.ActiveCfg = Release|Any CPU
		{E084AD12-6ED6-44F0-8104-248C3DC8BC8D}.Release|x86.Build.0 = Release|Any CPU
		{E084AD12-6ED6-44F0-8104-248C3DC8BC8D}.UAT|Any CPU.ActiveCfg = Release|Any CPU
		{E084AD12-6ED6-44F0-8104-248C3DC8BC8D}.UAT|Any CPU.Build.0 = Release|Any CPU
		{3FCA7EF8-821B-4BFD-86AE-E305AE6B1E95}.Debug|Any CPU.ActiveCfg = Debug|Any CPU
		{3FCA7EF8-821B-4BFD-86AE-E305AE6B1E95}.Debug|Any CPU.Build.0 = Debug|Any CPU
		{3FCA7EF8-821B-4BFD-86AE-E305AE6B1E95}.Debug|x64.ActiveCfg = Debug|Any CPU
		{3FCA7EF8-821B-4BFD-86AE-E305AE6B1E95}.Debug|x64.Build.0 = Debug|Any CPU
		{3FCA7EF8-821B-4BFD-86AE-E305AE6B1E95}.Debug|x86.ActiveCfg = Debug|Any CPU
		{3FCA7EF8-821B-4BFD-86AE-E305AE6B1E95}.Debug|x86.Build.0 = Debug|Any CPU
		{3FCA7EF8-821B-4BFD-86AE-E305AE6B1E95}.Release|Any CPU.ActiveCfg = Release|Any CPU
		{3FCA7EF8-821B-4BFD-86AE-E305AE6B1E95}.Release|Any CPU.Build.0 = Release|Any CPU
		{3FCA7EF8-821B-4BFD-86AE-E305AE6B1E95}.Release|x64.ActiveCfg = Release|Any CPU
		{3FCA7EF8-821B-4BFD-86AE-E305AE6B1E95}.Release|x64.Build.0 = Release|Any CPU
		{3FCA7EF8-821B-4BFD-86AE-E305AE6B1E95}.Release|x86.ActiveCfg = Release|Any CPU
		{3FCA7EF8-821B-4BFD-86AE-E305AE6B1E95}.Release|x86.Build.0 = Release|Any CPU
		{3FCA7EF8-821B-4BFD-86AE-E305AE6B1E95}.UAT|Any CPU.ActiveCfg = Debug|Any CPU
		{3FCA7EF8-821B-4BFD-86AE-E305AE6B1E95}.UAT|Any CPU.Build.0 = Debug|Any CPU
		{3FCA7EF8-821B-4BFD-86AE-E305AE6B1E95}.UAT|x64.ActiveCfg = Debug|Any CPU
		{3FCA7EF8-821B-4BFD-86AE-E305AE6B1E95}.UAT|x64.Build.0 = Debug|Any CPU
		{3FCA7EF8-821B-4BFD-86AE-E305AE6B1E95}.UAT|x86.ActiveCfg = Debug|Any CPU
		{3FCA7EF8-821B-4BFD-86AE-E305AE6B1E95}.UAT|x86.Build.0 = Debug|Any CPU
		{466B3CE4-7723-4062-B678-0CABB20824BF}.Debug|Any CPU.ActiveCfg = Debug|Any CPU
		{466B3CE4-7723-4062-B678-0CABB20824BF}.Debug|Any CPU.Build.0 = Debug|Any CPU
		{466B3CE4-7723-4062-B678-0CABB20824BF}.Debug|x64.ActiveCfg = Debug|Any CPU
		{466B3CE4-7723-4062-B678-0CABB20824BF}.Debug|x64.Build.0 = Debug|Any CPU
		{466B3CE4-7723-4062-B678-0CABB20824BF}.Debug|x86.ActiveCfg = Debug|Any CPU
		{466B3CE4-7723-4062-B678-0CABB20824BF}.Debug|x86.Build.0 = Debug|Any CPU
		{466B3CE4-7723-4062-B678-0CABB20824BF}.Release|Any CPU.ActiveCfg = Release|Any CPU
		{466B3CE4-7723-4062-B678-0CABB20824BF}.Release|Any CPU.Build.0 = Release|Any CPU
		{466B3CE4-7723-4062-B678-0CABB20824BF}.Release|x64.ActiveCfg = Release|Any CPU
		{466B3CE4-7723-4062-B678-0CABB20824BF}.Release|x64.Build.0 = Release|Any CPU
		{466B3CE4-7723-4062-B678-0CABB20824BF}.Release|x86.ActiveCfg = Release|Any CPU
		{466B3CE4-7723-4062-B678-0CABB20824BF}.Release|x86.Build.0 = Release|Any CPU
		{466B3CE4-7723-4062-B678-0CABB20824BF}.UAT|Any CPU.ActiveCfg = Debug|Any CPU
		{466B3CE4-7723-4062-B678-0CABB20824BF}.UAT|Any CPU.Build.0 = Debug|Any CPU
		{466B3CE4-7723-4062-B678-0CABB20824BF}.UAT|x64.ActiveCfg = Debug|Any CPU
		{466B3CE4-7723-4062-B678-0CABB20824BF}.UAT|x64.Build.0 = Debug|Any CPU
		{466B3CE4-7723-4062-B678-0CABB20824BF}.UAT|x86.ActiveCfg = Debug|Any CPU
		{466B3CE4-7723-4062-B678-0CABB20824BF}.UAT|x86.Build.0 = Debug|Any CPU
	EndGlobalSection
	GlobalSection(SolutionProperties) = preSolution
		HideSolutionNode = FALSE
	EndGlobalSection
	GlobalSection(NestedProjects) = preSolution
		{D8222F92-9588-4EAD-9E0C-CC6187C4CE3C} = {827E0CD3-B72D-47B6-A68D-7590B98EB39B}
		{96668D57-CB38-4EAD-89C7-55858EA808E7} = {827E0CD3-B72D-47B6-A68D-7590B98EB39B}
		{046EFB5D-C8D3-492D-95EE-45D7C88063DD} = {827E0CD3-B72D-47B6-A68D-7590B98EB39B}
		{96EB7928-1ED5-47C4-8786-560771F745F7} = {827E0CD3-B72D-47B6-A68D-7590B98EB39B}
		{5E2AEDF3-DC1E-4425-A0BA-28AA8397EDC0} = {0AB3BF05-4346-4AA6-1389-037BE0695223}
		{52FA7936-E3A7-4D53-AF9F-CFB9A0CD82F6} = {0AB3BF05-4346-4AA6-1389-037BE0695223}
		{FA341A2E-0D2A-4543-B1F4-7F7D12B8A386} = {0AB3BF05-4346-4AA6-1389-037BE0695223}
		{E084AD12-6ED6-44F0-8104-248C3DC8BC8D} = {0AB3BF05-4346-4AA6-1389-037BE0695223}
		{3FCA7EF8-821B-4BFD-86AE-E305AE6B1E95} = {0AB3BF05-4346-4AA6-1389-037BE0695223}
		{466B3CE4-7723-4062-B678-0CABB20824BF} = {827E0CD3-B72D-47B6-A68D-7590B98EB39B}
	EndGlobalSection
EndGlobal
